
Microsoft Visual Studio Solution File, Format Version 12.00
# Visual Studio Version 17
VisualStudioVersion = 17.3.32825.248
MinimumVisualStudioVersion = 10.0.40219.1
Project("{FAE04EC0-301F-11D3-BF4B-00C04F79EFBC}") = "WebApplicationCoolerGaming", "WebApplicationCoolerGaming\WebApplicationCoolerGaming.csproj", "{5AFFC281-E406-45F8-BF37-B298F1A65C6D}"
EndProject
Global
	GlobalSection(SolutionConfigurationPlatforms) = preSolution
		Debug|Any CPU = Debug|Any CPU
		Release|Any CPU = Release|Any CPU
	EndGlobalSection
	GlobalSection(ProjectConfigurationPlatforms) = postSolution
		{5AFFC281-E406-45F8-BF37-B298F1A65C6D}.Debug|Any CPU.ActiveCfg = Debug|Any CPU
		{5AFFC281-E406-45F8-BF37-B298F1A65C6D}.Debug|Any CPU.Build.0 = Debug|Any CPU
		{5AFFC281-E406-45F8-BF37-B298F1A65C6D}.Release|Any CPU.ActiveCfg = Release|Any CPU
		{5AFFC281-E406-45F8-BF37-B298F1A65C6D}.Release|Any CPU.Build.0 = Release|Any CPU
	EndGlobalSection
	GlobalSection(SolutionProperties) = preSolution
		HideSolutionNode = FALSE
	EndGlobalSection
	GlobalSection(ExtensibilityGlobals) = postSolution
		SolutionGuid = {106F0CFB-9D49-4C1C-9E72-D260FF1948F3}
	EndGlobalSection
EndGlobal
